{
    "_readme": [
        "This file locks the dependencies of your project to a known state",
        "Read more about it at https://getcomposer.org/doc/01-basic-usage.md#installing-dependencies",
        "This file is @generated automatically"
    ],
    "content-hash": "6ee66bc9c8327b2ed7c88de0acdda5a7",
    "packages": [
        {
            "name": "fortawesome/font-awesome",
            "version": "7.0.1",
            "source": {
                "type": "git",
                "url": "https://github.com/FortAwesome/Font-Awesome.git",
                "reference": "b476ed9aeef6ff16accd275eca515d4e08c3e724"
            },
            "dist": {
                "type": "zip",
                "url": "https://api.github.com/repos/FortAwesome/Font-Awesome/zipball/b476ed9aeef6ff16accd275eca515d4e08c3e724",
                "reference": "b476ed9aeef6ff16accd275eca515d4e08c3e724",
                "shasum": ""
            },
            "type": "library",
            "notification-url": "https://packagist.org/downloads/",
            "license": [
                "CC-BY-4.0",
                "OFL-1.1",
                "MIT"
            ],
            "authors": [
                {
                    "name": "The Font Awesome Team",
                    "homepage": "https://github.com/orgs/FortAwesome/people"
                }
            ],
            "description": "The iconic font, CSS, and SVG framework",
            "homepage": "https://fontawesome.com",
            "keywords": [
                "FontAwesome",
                "awesome",
                "bootstrap",
                "font",
                "icon",
                "svg"
            ],
            "support": {
                "docs": "http://fontawesome.com/docs",
                "email": "hello@fontawesome.com",
                "issues": "https://github.com/FortAwesome/Font-Awesome/issues",
                "source": "https://github.com/FortAwesome/Font-Awesome"
            },
            "time": "2025-09-02T19:42:02+00:00"
        },
        {
            "name": "snapappointments/bootstrap-select",
            "version": "v1.13.18",
            "source": {
                "type": "git",
                "url": "https://github.com/snapappointments/bootstrap-select.git",
                "reference": "6c4c75f61e69ca54d5ab557a2b90ffdccf1c63cd"
            },
            "dist": {
                "type": "zip",
                "url": "https://api.github.com/repos/snapappointments/bootstrap-select/zipball/6c4c75f61e69ca54d5ab557a2b90ffdccf1c63cd",
                "reference": "6c4c75f61e69ca54d5ab557a2b90ffdccf1c63cd",
                "shasum": ""
            },
            "suggest": {
                "components/jquery": "1.9.1 - 3",
                "twbs/bootstrap": ">=3.0.0"
            },
            "type": "library",
            "notification-url": "https://packagist.org/downloads/",
            "license": [
                "MIT"
            ],
            "authors": [
                {
                    "name": "Casey Holzer",
                    "homepage": "https://github.com/caseyjhol"
                },
                {
                    "name": "Silvio Moreto",
                    "homepage": "https://github.com/silviomoreto"
                },
                {
                    "name": "SnapAppointments, LLC",
                    "homepage": "https://snapappointments.com"
                }
            ],
            "description": "The jQuery plugin that brings select elements into the 21st century with intuitive multiselection, searching, and much more. Now with Bootstrap 4 support.",
            "homepage": "https://developer.snapappointments.com/bootstrap-select",
            "keywords": [
                "bootstrap",
                "dropdown",
                "form",
                "javascript",
                "jquery",
                "replacement",
                "select"
            ],
            "support": {
                "issues": "https://github.com/snapappointments/bootstrap-select/issues",
                "source": "https://github.com/snapappointments/bootstrap-select/tree/v1.13.18"
            },
            "funding": [
                {
                    "url": "https://github.com/caseyjhol",
                    "type": "github"
                }
            ],
            "time": "2020-06-26T18:04:14+00:00"
        }
    ],
    "packages-dev": [],
    "aliases": [],
    "minimum-stability": "stable",
    "stability-flags": {},
    "prefer-stable": false,
    "prefer-lowest": false,
    "platform": {},
    "platform-dev": {},
    "plugin-api-version": "2.6.0"
}
